
Microsoft Visual Studio Solution File, Format Version 12.00
# Visual Studio 15
VisualStudioVersion = 15.0.27130.2010
MinimumVisualStudioVersion = 10.0.40219.1
Project("{8BC9CEB8-8B4A-11D0-8D11-00A0C91BC942}") = "Client", "Client\Client.vcxproj", "{6FCA1030-CBF5-49D2-A51D-7A3640D4C624}"
EndProject
Project("{8BC9CEB8-8B4A-11D0-8D11-00A0C91BC942}") = "Server", "Server\Server.vcxproj", "{9283187F-B540-4099-BEA5-D60F1FD077CD}"
EndProject
Project("{FAE04EC0-301F-11D3-BF4B-00C04F79EFBC}") = "Tester", "WpfApp1\Tester.csproj", "{0473783B-289B-42F3-93A1-CA98F252E123}"
EndProject
Global
	GlobalSection(SolutionConfigurationPlatforms) = preSolution
		Debug|Any CPU = Debug|Any CPU
		Debug|x64 = Debug|x64
		Debug|x86 = Debug|x86
		Release|Any CPU = Release|Any CPU
		Release|x64 = Release|x64
		Release|x86 = Release|x86
	EndGlobalSection
	GlobalSection(ProjectConfigurationPlatforms) = postSolution
		{6FCA1030-CBF5-49D2-A51D-7A3640D4C624}.Debug|Any CPU.ActiveCfg = Debug|Win32
		{6FCA1030-CBF5-49D2-A51D-7A3640D4C624}.Debug|x64.ActiveCfg = Debug|x64
		{6FCA1030-CBF5-49D2-A51D-7A3640D4C624}.Debug|x64.Build.0 = Debug|x64
		{6FCA1030-CBF5-49D2-A51D-7A3640D4C624}.Debug|x86.ActiveCfg = Debug|Win32
		{6FCA1030-CBF5-49D2-A51D-7A3640D4C624}.Debug|x86.Build.0 = Debug|Win32
		{6FCA1030-CBF5-49D2-A51D-7A3640D4C624}.Release|Any CPU.ActiveCfg = Release|Win32
		{6FCA1030-CBF5-49D2-A51D-7A3640D4C624}.Release|x64.ActiveCfg = Release|x64
		{6FCA1030-CBF5-49D2-A51D-7A3640D4C624}.Release|x64.Build.0 = Release|x64
		{6FCA1030-CBF5-49D2-A51D-7A3640D4C624}.Release|x86.ActiveCfg = Release|Win32
		{6FCA1030-CBF5-49D2-A51D-7A3640D4C624}.Release|x86.Build.0 = Release|Win32
		{9283187F-B540-4099-BEA5-D60F1FD077CD}.Debug|Any CPU.ActiveCfg = Debug|Win32
		{9283187F-B540-4099-BEA5-D60F1FD077CD}.Debug|x64.ActiveCfg = Debug|x64
		{9283187F-B540-4099-BEA5-D60F1FD077CD}.Debug|x64.Build.0 = Debug|x64
		{9283187F-B540-4099-BEA5-D60F1FD077CD}.Debug|x86.ActiveCfg = Debug|Win32
		{9283187F-B540-4099-BEA5-D60F1FD077CD}.Debug|x86.Build.0 = Debug|Win32
		{9283187F-B540-4099-BEA5-D60F1FD077CD}.Release|Any CPU.ActiveCfg = Release|Win32
		{9283187F-B540-4099-BEA5-D60F1FD077CD}.Release|x64.ActiveCfg = Release|x64
		{9283187F-B540-4099-BEA5-D60F1FD077CD}.Release|x64.Build.0 = Release|x64
		{9283187F-B540-4099-BEA5-D60F1FD077CD}.Release|x86.ActiveCfg = Release|Win32
		{9283187F-B540-4099-BEA5-D60F1FD077CD}.Release|x86.Build.0 = Release|Win32
		{0473783B-289B-42F3-93A1-CA98F252E123}.Debug|Any CPU.ActiveCfg = Debug|Any CPU
		{0473783B-289B-42F3-93A1-CA98F252E123}.Debug|Any CPU.Build.0 = Debug|Any CPU
		{0473783B-289B-42F3-93A1-CA98F252E123}.Debug|x64.ActiveCfg = Debug|Any CPU
		{0473783B-289B-42F3-93A1-CA98F252E123}.Debug|x64.Build.0 = Debug|Any CPU
		{0473783B-289B-42F3-93A1-CA98F252E123}.Debug|x86.ActiveCfg = Debug|Any CPU
		{0473783B-289B-42F3-93A1-CA98F252E123}.Debug|x86.Build.0 = Debug|Any CPU
		{0473783B-289B-42F3-93A1-CA98F252E123}.Release|Any CPU.ActiveCfg = Release|Any CPU
		{0473783B-289B-42F3-93A1-CA98F252E123}.Release|Any CPU.Build.0 = Release|Any CPU
		{0473783B-289B-42F3-93A1-CA98F252E123}.Release|x64.ActiveCfg = Release|Any CPU
		{0473783B-289B-42F3-93A1-CA98F252E123}.Release|x64.Build.0 = Release|Any CPU
		{0473783B-289B-42F3-93A1-CA98F252E123}.Release|x86.ActiveCfg = Release|Any CPU
		{0473783B-289B-42F3-93A1-CA98F252E123}.Release|x86.Build.0 = Release|Any CPU
	EndGlobalSection
	GlobalSection(SolutionProperties) = preSolution
		HideSolutionNode = FALSE
	EndGlobalSection
	GlobalSection(ExtensibilityGlobals) = postSolution
		SolutionGuid = {11744739-C7E6-4DAB-B38D-0EF5B8A30D56}
	EndGlobalSection
EndGlobal
